// !$*UTF8*$!
{
	archiveVersion = 1;
	classes = {
	};
	objectVersion = 56;
	objects = {

/* Begin PBXBuildFile section */
		F5F8A785296DD8B000BBB641 /* YumTumApp.swift in Sources */ = {isa = PBXBuildFile; fileRef = F5F8A784296DD8B000BBB641 /* YumTumApp.swift */; };
		F5F8A787296DD8B000BBB641 /* DessertView.swift in Sources */ = {isa = PBXBuildFile; fileRef = F5F8A786296DD8B000BBB641 /* DessertView.swift */; };
		F5F8A789296DD8B100BBB641 /* Assets.xcassets in Resources */ = {isa = PBXBuildFile; fileRef = F5F8A788296DD8B100BBB641 /* Assets.xcassets */; };
		F5F8A78C296DD8B100BBB641 /* Preview Assets.xcassets in Resources */ = {isa = PBXBuildFile; fileRef = F5F8A78B296DD8B100BBB641 /* Preview Assets.xcassets */; };
		F5F8A7B0296DDB3A00BBB641 /* DessertModel.swift in Sources */ = {isa = PBXBuildFile; fileRef = F5F8A7AF296DDB3A00BBB641 /* DessertModel.swift */; };
		F5F8A7B2296DDB4400BBB641 /* DetailModel.swift in Sources */ = {isa = PBXBuildFile; fileRef = F5F8A7B1296DDB4400BBB641 /* DetailModel.swift */; };
		F5F8A7B5296DDCE400BBB641 /* DessertVM.swift in Sources */ = {isa = PBXBuildFile; fileRef = F5F8A7B4296DDCE400BBB641 /* DessertVM.swift */; };
		F5F8A7B7296DDD2300BBB641 /* Utilities.swift in Sources */ = {isa = PBXBuildFile; fileRef = F5F8A7B6296DDD2300BBB641 /* Utilities.swift */; };
		F5FFDBCF296E22D4000D5EDC /* DetailVM.swift in Sources */ = {isa = PBXBuildFile; fileRef = F5FFDBCE296E22D4000D5EDC /* DetailVM.swift */; };
		F5FFDBD1296E25C7000D5EDC /* DetailView.swift in Sources */ = {isa = PBXBuildFile; fileRef = F5FFDBD0296E25C7000D5EDC /* DetailView.swift */; };
/* End PBXBuildFile section */

/* Begin PBXContainerItemProxy section */
		F5F8A792296DD8B100BBB641 /* PBXContainerItemProxy */ = {
			isa = PBXContainerItemProxy;
			containerPortal = F5F8A779296DD8B000BBB641 /* Project object */;
			proxyType = 1;
			remoteGlobalIDString = F5F8A780296DD8B000BBB641;
			remoteInfo = YumTum;
		};
		F5F8A79C296DD8B100BBB641 /* PBXContainerItemProxy */ = {
			isa = PBXContainerItemProxy;
			containerPortal = F5F8A779296DD8B000BBB641 /* Project object */;
			proxyType = 1;
			remoteGlobalIDString = F5F8A780296DD8B000BBB641;
			remoteInfo = YumTum;
		};
/* End PBXContainerItemProxy section */

/* Begin PBXFileReference section */
		F5F8A781296DD8B000BBB641 /* YumTum.app */ = {isa = PBXFileReference; explicitFileType = wrapper.application; includeInIndex = 0; path = YumTum.app; sourceTree = BUILT_PRODUCTS_DIR; };
		F5F8A784296DD8B000BBB641 /* YumTumApp.swift */ = {isa = PBXFileReference; lastKnownFileType = sourcecode.swift; path = YumTumApp.swift; sourceTree = "<group>"; };
		F5F8A786296DD8B000BBB641 /* DessertView.swift */ = {isa = PBXFileReference; lastKnownFileType = sourcecode.swift; path = DessertView.swift; sourceTree = "<group>"; };
		F5F8A788296DD8B100BBB641 /* Assets.xcassets */ = {isa = PBXFileReference; lastKnownFileType = folder.assetcatalog; path = Assets.xcassets; sourceTree = "<group>"; };
		F5F8A78B296DD8B100BBB641 /* Preview Assets.xcassets */ = {isa = PBXFileReference; lastKnownFileType = folder.assetcatalog; path = "Preview Assets.xcassets"; sourceTree = "<group>"; };
		F5F8A791296DD8B100BBB641 /* YumTumTests.xctest */ = {isa = PBXFileReference; explicitFileType = wrapper.cfbundle; includeInIndex = 0; path = YumTumTests.xctest; sourceTree = BUILT_PRODUCTS_DIR; };
		F5F8A79B296DD8B100BBB641 /* YumTumUITests.xctest */ = {isa = PBXFileReference; explicitFileType = wrapper.cfbundle; includeInIndex = 0; path = YumTumUITests.xctest; sourceTree = BUILT_PRODUCTS_DIR; };
		F5F8A7AF296DDB3A00BBB641 /* DessertModel.swift */ = {isa = PBXFileReference; lastKnownFileType = sourcecode.swift; path = DessertModel.swift; sourceTree = "<group>"; };
		F5F8A7B1296DDB4400BBB641 /* DetailModel.swift */ = {isa = PBXFileReference; lastKnownFileType = sourcecode.swift; path = DetailModel.swift; sourceTree = "<group>"; };
		F5F8A7B4296DDCE400BBB641 /* DessertVM.swift */ = {isa = PBXFileReference; lastKnownFileType = sourcecode.swift; path = DessertVM.swift; sourceTree = "<group>"; };
		F5F8A7B6296DDD2300BBB641 /* Utilities.swift */ = {isa = PBXFileReference; lastKnownFileType = sourcecode.swift; path = Utilities.swift; sourceTree = "<group>"; };
		F5FFDBCE296E22D4000D5EDC /* DetailVM.swift */ = {isa = PBXFileReference; lastKnownFileType = sourcecode.swift; path = DetailVM.swift; sourceTree = "<group>"; };
		F5FFDBD0296E25C7000D5EDC /* DetailView.swift */ = {isa = PBXFileReference; lastKnownFileType = sourcecode.swift; path = DetailView.swift; sourceTree = "<group>"; };
/* End PBXFileReference section */

/* Begin PBXFrameworksBuildPhase section */
		F5F8A77E296DD8B000BBB641 /* Frameworks */ = {
			isa = PBXFrameworksBuildPhase;
			buildActionMask = 2147483647;
			files = (
			);
			runOnlyForDeploymentPostprocessing = 0;
		};
		F5F8A78E296DD8B100BBB641 /* Frameworks */ = {
			isa = PBXFrameworksBuildPhase;
			buildActionMask = 2147483647;
			files = (
			);
			runOnlyForDeploymentPostprocessing = 0;
		};
		F5F8A798296DD8B100BBB641 /* Frameworks */ = {
			isa = PBXFrameworksBuildPhase;
			buildActionMask = 2147483647;
			files = (
			);
			runOnlyForDeploymentPostprocessing = 0;
		};
/* End PBXFrameworksBuildPhase section */

/* Begin PBXGroup section */
		F5F8A778296DD8B000BBB641 = {
			isa = PBXGroup;
			children = (
				F5F8A783296DD8B000BBB641 /* YumTum */,
				F5F8A782296DD8B000BBB641 /* Products */,
			);
			sourceTree = "<group>";
		};
		F5F8A782296DD8B000BBB641 /* Products */ = {
			isa = PBXGroup;
			children = (
				F5F8A781296DD8B000BBB641 /* YumTum.app */,
				F5F8A791296DD8B100BBB641 /* YumTumTests.xctest */,
				F5F8A79B296DD8B100BBB641 /* YumTumUITests.xctest */,
			);
			name = Products;
			sourceTree = "<group>";
		};
		F5F8A783296DD8B000BBB641 /* YumTum */ = {
			isa = PBXGroup;
			children = (
				F5F8A784296DD8B000BBB641 /* YumTumApp.swift */,
				F5F8A7B6296DDD2300BBB641 /* Utilities.swift */,
				F5F8A7B8296DDD4700BBB641 /* Views */,
				F5F8A7B3296DDCC000BBB641 /* ViewModels */,
				F5F8A7AE296DDAE800BBB641 /* Models */,
				F5F8A788296DD8B100BBB641 /* Assets.xcassets */,
				F5F8A78A296DD8B100BBB641 /* Preview Content */,
			);
			path = YumTum;
			sourceTree = "<group>";
		};
		F5F8A78A296DD8B100BBB641 /* Preview Content */ = {
			isa = PBXGroup;
			children = (
				F5F8A78B296DD8B100BBB641 /* Preview Assets.xcassets */,
			);
			path = "Preview Content";
			sourceTree = "<group>";
		};
		F5F8A7AE296DDAE800BBB641 /* Models */ = {
			isa = PBXGroup;
			children = (
				F5F8A7AF296DDB3A00BBB641 /* DessertModel.swift */,
				F5F8A7B1296DDB4400BBB641 /* DetailModel.swift */,
			);
			path = Models;
			sourceTree = "<group>";
		};
		F5F8A7B3296DDCC000BBB641 /* ViewModels */ = {
			isa = PBXGroup;
			children = (
				F5F8A7B4296DDCE400BBB641 /* DessertVM.swift */,
				F5FFDBCE296E22D4000D5EDC /* DetailVM.swift */,
			);
			path = ViewModels;
			sourceTree = "<group>";
		};
		F5F8A7B8296DDD4700BBB641 /* Views */ = {
			isa = PBXGroup;
			children = (
				F5F8A786296DD8B000BBB641 /* DessertView.swift */,
				F5FFDBD0296E25C7000D5EDC /* DetailView.swift */,
			);
			path = Views;
			sourceTree = "<group>";
		};
/* End PBXGroup section */

/* Begin PBXNativeTarget section */
		F5F8A780296DD8B000BBB641 /* YumTum */ = {
			isa = PBXNativeTarget;
			buildConfigurationList = F5F8A7A5296DD8B100BBB641 /* Build configuration list for PBXNativeTarget "YumTum" */;
			buildPhases = (
				F5F8A77D296DD8B000BBB641 /* Sources */,
				F5F8A77E296DD8B000BBB641 /* Frameworks */,
				F5F8A77F296DD8B000BBB641 /* Resources */,
			);
			buildRules = (
			);
			dependencies = (
			);
			name = YumTum;
			productName = YumTum;
			productReference = F5F8A781296DD8B000BBB641 /* YumTum.app */;
			productType = "com.apple.product-type.application";
		};
		F5F8A790296DD8B100BBB641 /* YumTumTests */ = {
			isa = PBXNativeTarget;
			buildConfigurationList = F5F8A7A8296DD8B100BBB641 /* Build configuration list for PBXNativeTarget "YumTumTests" */;
			buildPhases = (
				F5F8A78D296DD8B100BBB641 /* Sources */,
				F5F8A78E296DD8B100BBB641 /* Frameworks */,
				F5F8A78F296DD8B100BBB641 /* Resources */,
			);
			buildRules = (
			);
			dependencies = (
				F5F8A793296DD8B100BBB641 /* PBXTargetDependency */,
			);
			name = YumTumTests;
			productName = YumTumTests;
			productReference = F5F8A791296DD8B100BBB641 /* YumTumTests.xctest */;
			productType = "com.apple.product-type.bundle.unit-test";
		};
		F5F8A79A296DD8B100BBB641 /* YumTumUITests */ = {
			isa = PBXNativeTarget;
			buildConfigurationList = F5F8A7AB296DD8B100BBB641 /* Build configuration list for PBXNativeTarget "YumTumUITests" */;
			buildPhases = (
				F5F8A797296DD8B100BBB641 /* Sources */,
				F5F8A798296DD8B100BBB641 /* Frameworks */,
				F5F8A799296DD8B100BBB641 /* Resources */,
			);
			buildRules = (
			);
			dependencies = (
				F5F8A79D296DD8B100BBB641 /* PBXTargetDependency */,
			);
			name = YumTumUITests;
			productName = YumTumUITests;
			productReference = F5F8A79B296DD8B100BBB641 /* YumTumUITests.xctest */;
			productType = "com.apple.product-type.bundle.ui-testing";
		};
/* End PBXNativeTarget section */

/* Begin PBXProject section */
		F5F8A779296DD8B000BBB641 /* Project object */ = {
			isa = PBXProject;
			attributes = {
				BuildIndependentTargetsInParallel = 1;
				LastSwiftUpdateCheck = 1420;
				LastUpgradeCheck = 1420;
				TargetAttributes = {
					F5F8A780296DD8B000BBB641 = {
						CreatedOnToolsVersion = 14.2;
					};
					F5F8A790296DD8B100BBB641 = {
						CreatedOnToolsVersion = 14.2;
						TestTargetID = F5F8A780296DD8B000BBB641;
					};
					F5F8A79A296DD8B100BBB641 = {
						CreatedOnToolsVersion = 14.2;
						TestTargetID = F5F8A780296DD8B000BBB641;
					};
				};
			};
			buildConfigurationList = F5F8A77C296DD8B000BBB641 /* Build configuration list for PBXProject "YumTum" */;
			compatibilityVersion = "Xcode 14.0";
			developmentRegion = en;
			hasScannedForEncodings = 0;
			knownRegions = (
				en,
				Base,
			);
			mainGroup = F5F8A778296DD8B000BBB641;
			productRefGroup = F5F8A782296DD8B000BBB641 /* Products */;
			projectDirPath = "";
			projectRoot = "";
			targets = (
				F5F8A780296DD8B000BBB641 /* YumTum */,
				F5F8A790296DD8B100BBB641 /* YumTumTests */,
				F5F8A79A296DD8B100BBB641 /* YumTumUITests */,
			);
		};
/* End PBXProject section */

/* Begin PBXResourcesBuildPhase section */
		F5F8A77F296DD8B000BBB641 /* Resources */ = {
			isa = PBXResourcesBuildPhase;
			buildActionMask = 2147483647;
			files = (
				F5F8A78C296DD8B100BBB641 /* Preview Assets.xcassets in Resources */,
				F5F8A789296DD8B100BBB641 /* Assets.xcassets in Resources */,
			);
			runOnlyForDeploymentPostprocessing = 0;
		};
		F5F8A78F296DD8B100BBB641 /* Resources */ = {
			isa = PBXResourcesBuildPhase;
			buildActionMask = 2147483647;
			files = (
			);
			runOnlyForDeploymentPostprocessing = 0;
		};
		F5F8A799296DD8B100BBB641 /* Resources */ = {
			isa = PBXResourcesBuildPhase;
			buildActionMask = 2147483647;
			files = (
			);
			runOnlyForDeploymentPostprocessing = 0;
		};
/* End PBXResourcesBuildPhase section */

/* Begin PBXSourcesBuildPhase section */
		F5F8A77D296DD8B000BBB641 /* Sources */ = {
			isa = PBXSourcesBuildPhase;
			buildActionMask = 2147483647;
			files = (
				F5F8A7B7296DDD2300BBB641 /* Utilities.swift in Sources */,
				F5FFDBD1296E25C7000D5EDC /* DetailView.swift in Sources */,
				F5F8A7B2296DDB4400BBB641 /* DetailModel.swift in Sources */,
				F5F8A7B5296DDCE400BBB641 /* DessertVM.swift in Sources */,
				F5FFDBCF296E22D4000D5EDC /* DetailVM.swift in Sources */,
				F5F8A787296DD8B000BBB641 /* DessertView.swift in Sources */,
				F5F8A7B0296DDB3A00BBB641 /* DessertModel.swift in Sources */,
				F5F8A785296DD8B000BBB641 /* YumTumApp.swift in Sources */,
			);
			runOnlyForDeploymentPostprocessing = 0;
		};
		F5F8A78D296DD8B100BBB641 /* Sources */ = {
			isa = PBXSourcesBuildPhase;
			buildActionMask = 2147483647;
			files = (
			);
			runOnlyForDeploymentPostprocessing = 0;
		};
		F5F8A797296DD8B100BBB641 /* Sources */ = {
			isa = PBXSourcesBuildPhase;
			buildActionMask = 2147483647;
			files = (
			);
			runOnlyForDeploymentPostprocessing = 0;
		};
/* End PBXSourcesBuildPhase section */

/* Begin PBXTargetDependency section */
		F5F8A793296DD8B100BBB641 /* PBXTargetDependency */ = {
			isa = PBXTargetDependency;
			target = F5F8A780296DD8B000BBB641 /* YumTum */;
			targetProxy = F5F8A792296DD8B100BBB641 /* PBXContainerItemProxy */;
		};
		F5F8A79D296DD8B100BBB641 /* PBXTargetDependency */ = {
			isa = PBXTargetDependency;
			target = F5F8A780296DD8B000BBB641 /* YumTum */;
			targetProxy = F5F8A79C296DD8B100BBB641 /* PBXContainerItemProxy */;
		};
/* End PBXTargetDependency section */

/* Begin XCBuildConfiguration section */
		F5F8A7A3296DD8B100BBB641 /* Debug */ = {
			isa = XCBuildConfiguration;
			buildSettings = {
				ALWAYS_SEARCH_USER_PATHS = NO;
				CLANG_ANALYZER_NONNULL = YES;
				CLANG_ANALYZER_NUMBER_OBJECT_CONVERSION = YES_AGGRESSIVE;
				CLANG_CXX_LANGUAGE_STANDARD = "gnu++20";
				CLANG_ENABLE_MODULES = YES;
				CLANG_ENABLE_OBJC_ARC = YES;
				CLANG_ENABLE_OBJC_WEAK = YES;
				CLANG_WARN_BLOCK_CAPTURE_AUTORELEASING = YES;
				CLANG_WARN_BOOL_CONVERSION = YES;
				CLANG_WARN_COMMA = YES;
				CLANG_WARN_CONSTANT_CONVERSION = YES;
				CLANG_WARN_DEPRECATED_OBJC_IMPLEMENTATIONS = YES;
				CLANG_WARN_DIRECT_OBJC_ISA_USAGE = YES_ERROR;
				CLANG_WARN_DOCUMENTATION_COMMENTS = YES;
				CLANG_WARN_EMPTY_BODY = YES;
				CLANG_WARN_ENUM_CONVERSION = YES;
				CLANG_WARN_INFINITE_RECURSION = YES;
				CLANG_WARN_INT_CONVERSION = YES;
				CLANG_WARN_NON_LITERAL_NULL_CONVERSION = YES;
				CLANG_WARN_OBJC_IMPLICIT_RETAIN_SELF = YES;
				CLANG_WARN_OBJC_LITERAL_CONVERSION = YES;
				CLANG_WARN_OBJC_ROOT_CLASS = YES_ERROR;
				CLANG_WARN_QUOTED_INCLUDE_IN_FRAMEWORK_HEADER = YES;
				CLANG_WARN_RANGE_LOOP_ANALYSIS = YES;
				CLANG_WARN_STRICT_PROTOTYPES = YES;
				CLANG_WARN_SUSPICIOUS_MOVE = YES;
				CLANG_WARN_UNGUARDED_AVAILABILITY = YES_AGGRESSIVE;
				CLANG_WARN_UNREACHABLE_CODE = YES;
				CLANG_WARN__DUPLICATE_METHOD_MATCH = YES;
				COPY_PHASE_STRIP = NO;
				DEBUG_INFORMATION_FORMAT = dwarf;
				ENABLE_STRICT_OBJC_MSGSEND = YES;
				ENABLE_TESTABILITY = YES;
				GCC_C_LANGUAGE_STANDARD = gnu11;
				GCC_DYNAMIC_NO_PIC = NO;
				GCC_NO_COMMON_BLOCKS = YES;
				GCC_OPTIMIZATION_LEVEL = 0;
				GCC_PREPROCESSOR_DEFINITIONS = (
					"DEBUG=1",
					"$(inherited)",
				);
				GCC_WARN_64_TO_32_BIT_CONVERSION = YES;
				GCC_WARN_ABOUT_RETURN_TYPE = YES_ERROR;
				GCC_WARN_UNDECLARED_SELECTOR = YES;
				GCC_WARN_UNINITIALIZED_AUTOS = YES_AGGRESSIVE;
				GCC_WARN_UNUSED_FUNCTION = YES;
				GCC_WARN_UNUSED_VARIABLE = YES;
				IPHONEOS_DEPLOYMENT_TARGET = 16.2;
				MTL_ENABLE_DEBUG_INFO = INCLUDE_SOURCE;
				MTL_FAST_MATH = YES;
				ONLY_ACTIVE_ARCH = YES;
				SDKROOT = iphoneos;
				SWIFT_ACTIVE_COMPILATION_CONDITIONS = DEBUG;
				SWIFT_OPTIMIZATION_LEVEL = "-Onone";
			};
			name = Debug;
		};
		F5F8A7A4296DD8B100BBB641 /* Release */ = {
			isa = XCBuildConfiguration;
			buildSettings = {
				ALWAYS_SEARCH_USER_PATHS = NO;
				CLANG_ANALYZER_NONNULL = YES;
				CLANG_ANALYZER_NUMBER_OBJECT_CONVERSION = YES_AGGRESSIVE;
				CLANG_CXX_LANGUAGE_STANDARD = "gnu++20";
				CLANG_ENABLE_MODULES = YES;
				CLANG_ENABLE_OBJC_ARC = YES;
				CLANG_ENABLE_OBJC_WEAK = YES;
				CLANG_WARN_BLOCK_CAPTURE_AUTORELEASING = YES;
				CLANG_WARN_BOOL_CONVERSION = YES;
				CLANG_WARN_COMMA = YES;
				CLANG_WARN_CONSTANT_CONVERSION = YES;
				CLANG_WARN_DEPRECATED_OBJC_IMPLEMENTATIONS = YES;
				CLANG_WARN_DIRECT_OBJC_ISA_USAGE = YES_ERROR;
				CLANG_WARN_DOCUMENTATION_COMMENTS = YES;
				CLANG_WARN_EMPTY_BODY = YES;
				CLANG_WARN_ENUM_CONVERSION = YES;
				CLANG_WARN_INFINITE_RECURSION = YES;
				CLANG_WARN_INT_CONVERSION = YES;
				CLANG_WARN_NON_LITERAL_NULL_CONVERSION = YES;
				CLANG_WARN_OBJC_IMPLICIT_RETAIN_SELF = YES;
				CLANG_WARN_OBJC_LITERAL_CONVERSION = YES;
				CLANG_WARN_OBJC_ROOT_CLASS = YES_ERROR;
				CLANG_WARN_QUOTED_INCLUDE_IN_FRAMEWORK_HEADER = YES;
				CLANG_WARN_RANGE_LOOP_ANALYSIS = YES;
				CLANG_WARN_STRICT_PROTOTYPES = YES;
				CLANG_WARN_SUSPICIOUS_MOVE = YES;
				CLANG_WARN_UNGUARDED_AVAILABILITY = YES_AGGRESSIVE;
				CLANG_WARN_UNREACHABLE_CODE = YES;
				CLANG_WARN__DUPLICATE_METHOD_MATCH = YES;
				COPY_PHASE_STRIP = NO;
				DEBUG_INFORMATION_FORMAT = "dwarf-with-dsym";
				ENABLE_NS_ASSERTIONS = NO;
				ENABLE_STRICT_OBJC_MSGSEND = YES;
				GCC_C_LANGUAGE_STANDARD = gnu11;
				GCC_NO_COMMON_BLOCKS = YES;
				GCC_WARN_64_TO_32_BIT_CONVERSION = YES;
				GCC_WARN_ABOUT_RETURN_TYPE = YES_ERROR;
				GCC_WARN_UNDECLARED_SELECTOR = YES;
				GCC_WARN_UNINITIALIZED_AUTOS = YES_AGGRESSIVE;
				GCC_WARN_UNUSED_FUNCTION = YES;
				GCC_WARN_UNUSED_VARIABLE = YES;
				IPHONEOS_DEPLOYMENT_TARGET = 16.2;
				MTL_ENABLE_DEBUG_INFO = NO;
				MTL_FAST_MATH = YES;
				SDKROOT = iphoneos;
				SWIFT_COMPILATION_MODE = wholemodule;
				SWIFT_OPTIMIZATION_LEVEL = "-O";
				VALIDATE_PRODUCT = YES;
			};
			name = Release;
		};
		F5F8A7A6296DD8B100BBB641 /* Debug */ = {
			isa = XCBuildConfiguration;
			buildSettings = {
				ASSETCATALOG_COMPILER_APPICON_NAME = AppIcon;
				ASSETCATALOG_COMPILER_GLOBAL_ACCENT_COLOR_NAME = AccentColor;
				CODE_SIGN_STYLE = Automatic;
				CURRENT_PROJECT_VERSION = 1;
				DEVELOPMENT_ASSET_PATHS = "\"YumTum/Preview Content\"";
				ENABLE_PREVIEWS = YES;
				GENERATE_INFOPLIST_FILE = YES;
				INFOPLIST_KEY_UIApplicationSceneManifest_Generation = YES;
				INFOPLIST_KEY_UIApplicationSupportsIndirectInputEvents = YES;
				INFOPLIST_KEY_UILaunchScreen_Generation = YES;
				INFOPLIST_KEY_UISupportedInterfaceOrientations_iPad = "UIInterfaceOrientationPortrait UIInterfaceOrientationPortraitUpsideDown UIInterfaceOrientationLandscapeLeft UIInterfaceOrientationLandscapeRight";
				INFOPLIST_KEY_UISupportedInterfaceOrientations_iPhone = "UIInterfaceOrientationPortrait UIInterfaceOrientationLandscapeLeft UIInterfaceOrientationLandscapeRight";
				LD_RUNPATH_SEARCH_PATHS = (
					"$(inherited)",
					"@executable_path/Frameworks",
				);
				MARKETING_VERSION = 1.0;
				PRODUCT_BUNDLE_IDENTIFIER = com.vladgershun.YumTum;
				PRODUCT_NAME = "$(TARGET_NAME)";
				SWIFT_EMIT_LOC_STRINGS = YES;
				SWIFT_VERSION = 5.0;
				TARGETED_DEVICE_FAMILY = "1,2";
			};
			name = Debug;
		};
		F5F8A7A7296DD8B100BBB641 /* Release */ = {
			isa = XCBuildConfiguration;
			buildSettings = {
				ASSETCATALOG_COMPILER_APPICON_NAME = AppIcon;
				ASSETCATALOG_COMPILER_GLOBAL_ACCENT_COLOR_NAME = AccentColor;
				CODE_SIGN_STYLE = Automatic;
				CURRENT_PROJECT_VERSION = 1;
				DEVELOPMENT_ASSET_PATHS = "\"YumTum/Preview Content\"";
				ENABLE_PREVIEWS = YES;
				GENERATE_INFOPLIST_FILE = YES;
				INFOPLIST_KEY_UIApplicationSceneManifest_Generation = YES;
				INFOPLIST_KEY_UIApplicationSupportsIndirectInputEvents = YES;
				INFOPLIST_KEY_UILaunchScreen_Generation = YES;
				INFOPLIST_KEY_UISupportedInterfaceOrientations_iPad = "UIInterfaceOrientationPortrait UIInterfaceOrientationPortraitUpsideDown UIInterfaceOrientationLandscapeLeft UIInterfaceOrientationLandscapeRight";
				INFOPLIST_KEY_UISupportedInterfaceOrientations_iPhone = "UIInterfaceOrientationPortrait UIInterfaceOrientationLandscapeLeft UIInterfaceOrientationLandscapeRight";
				LD_RUNPATH_SEARCH_PATHS = (
					"$(inherited)",
					"@executable_path/Frameworks",
				);
				MARKETING_VERSION = 1.0;
				PRODUCT_BUNDLE_IDENTIFIER = com.vladgershun.YumTum;
				PRODUCT_NAME = "$(TARGET_NAME)";
				SWIFT_EMIT_LOC_STRINGS = YES;
				SWIFT_VERSION = 5.0;
				TARGETED_DEVICE_FAMILY = "1,2";
			};
			name = Release;
		};
		F5F8A7A9296DD8B100BBB641 /* Debug */ = {
			isa = XCBuildConfiguration;
			buildSettings = {
				ALWAYS_EMBED_SWIFT_STANDARD_LIBRARIES = YES;
				BUNDLE_LOADER = "$(TEST_HOST)";
				CODE_SIGN_STYLE = Automatic;
				CURRENT_PROJECT_VERSION = 1;
				GENERATE_INFOPLIST_FILE = YES;
				IPHONEOS_DEPLOYMENT_TARGET = 16.2;
				MARKETING_VERSION = 1.0;
				PRODUCT_BUNDLE_IDENTIFIER = com.vladgershun.YumTumTests;
				PRODUCT_NAME = "$(TARGET_NAME)";
				SWIFT_EMIT_LOC_STRINGS = NO;
				SWIFT_VERSION = 5.0;
				TARGETED_DEVICE_FAMILY = "1,2";
				TEST_HOST = "$(BUILT_PRODUCTS_DIR)/YumTum.app/$(BUNDLE_EXECUTABLE_FOLDER_PATH)/YumTum";
			};
			name = Debug;
		};
		F5F8A7AA296DD8B100BBB641 /* Release */ = {
			isa = XCBuildConfiguration;
			buildSettings = {
				ALWAYS_EMBED_SWIFT_STANDARD_LIBRARIES = YES;
				BUNDLE_LOADER = "$(TEST_HOST)";
				CODE_SIGN_STYLE = Automatic;
				CURRENT_PROJECT_VERSION = 1;
				GENERATE_INFOPLIST_FILE = YES;
				IPHONEOS_DEPLOYMENT_TARGET = 16.2;
				MARKETING_VERSION = 1.0;
				PRODUCT_BUNDLE_IDENTIFIER = com.vladgershun.YumTumTests;
				PRODUCT_NAME = "$(TARGET_NAME)";
				SWIFT_EMIT_LOC_STRINGS = NO;
				SWIFT_VERSION = 5.0;
				TARGETED_DEVICE_FAMILY = "1,2";
				TEST_HOST = "$(BUILT_PRODUCTS_DIR)/YumTum.app/$(BUNDLE_EXECUTABLE_FOLDER_PATH)/YumTum";
			};
			name = Release;
		};
		F5F8A7AC296DD8B100BBB641 /* Debug */ = {
			isa = XCBuildConfiguration;
			buildSettings = {
				ALWAYS_EMBED_SWIFT_STANDARD_LIBRARIES = YES;
				CODE_SIGN_STYLE = Automatic;
				CURRENT_PROJECT_VERSION = 1;
				GENERATE_INFOPLIST_FILE = YES;
				MARKETING_VERSION = 1.0;
				PRODUCT_BUNDLE_IDENTIFIER = com.vladgershun.YumTumUITests;
				PRODUCT_NAME = "$(TARGET_NAME)";
				SWIFT_EMIT_LOC_STRINGS = NO;
				SWIFT_VERSION = 5.0;
				TARGETED_DEVICE_FAMILY = "1,2";
				TEST_TARGET_NAME = YumTum;
			};
			name = Debug;
		};
		F5F8A7AD296DD8B100BBB641 /* Release */ = {
			isa = XCBuildConfiguration;
			buildSettings = {
				ALWAYS_EMBED_SWIFT_STANDARD_LIBRARIES = YES;
				CODE_SIGN_STYLE = Automatic;
				CURRENT_PROJECT_VERSION = 1;
				GENERATE_INFOPLIST_FILE = YES;
				MARKETING_VERSION = 1.0;
				PRODUCT_BUNDLE_IDENTIFIER = com.vladgershun.YumTumUITests;
				PRODUCT_NAME = "$(TARGET_NAME)";
				SWIFT_EMIT_LOC_STRINGS = NO;
				SWIFT_VERSION = 5.0;
				TARGETED_DEVICE_FAMILY = "1,2";
				TEST_TARGET_NAME = YumTum;
			};
			name = Release;
		};
/* End XCBuildConfiguration section */

/* Begin XCConfigurationList section */
		F5F8A77C296DD8B000BBB641 /* Build configuration list for PBXProject "YumTum" */ = {
			isa = XCConfigurationList;
			buildConfigurations = (
				F5F8A7A3296DD8B100BBB641 /* Debug */,
				F5F8A7A4296DD8B100BBB641 /* Release */,
			);
			defaultConfigurationIsVisible = 0;
			defaultConfigurationName = Release;
		};
		F5F8A7A5296DD8B100BBB641 /* Build configuration list for PBXNativeTarget "YumTum" */ = {
			isa = XCConfigurationList;
			buildConfigurations = (
				F5F8A7A6296DD8B100BBB641 /* Debug */,
				F5F8A7A7296DD8B100BBB641 /* Release */,
			);
			defaultConfigurationIsVisible = 0;
			defaultConfigurationName = Release;
		};
		F5F8A7A8296DD8B100BBB641 /* Build configuration list for PBXNativeTarget "YumTumTests" */ = {
			isa = XCConfigurationList;
			buildConfigurations = (
				F5F8A7A9296DD8B100BBB641 /* Debug */,
				F5F8A7AA296DD8B100BBB641 /* Release */,
			);
			defaultConfigurationIsVisible = 0;
			defaultConfigurationName = Release;
		};
		F5F8A7AB296DD8B100BBB641 /* Build configuration list for PBXNativeTarget "YumTumUITests" */ = {
			isa = XCConfigurationList;
			buildConfigurations = (
				F5F8A7AC296DD8B100BBB641 /* Debug */,
				F5F8A7AD296DD8B100BBB641 /* Release */,
			);
			defaultConfigurationIsVisible = 0;
			defaultConfigurationName = Release;
		};
/* End XCConfigurationList section */
	};
	rootObject = F5F8A779296DD8B000BBB641 /* Project object */;
}
